// !$*UTF8*$!
{
	archiveVersion = 1;
	classes = {
	};
	objectVersion = 50;
	objects = {

/* Begin PBXBuildFile section */
		F4147752209FEBEB00D599BA /* AppDelegate.swift in Sources */ = {isa = PBXBuildFile; fileRef = F4147751209FEBEB00D599BA /* AppDelegate.swift */; };
		F4147754209FEBEB00D599BA /* ViewController.swift in Sources */ = {isa = PBXBuildFile; fileRef = F4147753209FEBEB00D599BA /* ViewController.swift */; };
		F4147757209FEBEB00D599BA /* Main.storyboard in Resources */ = {isa = PBXBuildFile; fileRef = F4147755209FEBEB00D599BA /* Main.storyboard */; };
		F4147759209FEBED00D599BA /* Assets.xcassets in Resources */ = {isa = PBXBuildFile; fileRef = F4147758209FEBED00D599BA /* Assets.xcassets */; };
		F414775C209FEBED00D599BA /* LaunchScreen.storyboard in Resources */ = {isa = PBXBuildFile; fileRef = F414775A209FEBED00D599BA /* LaunchScreen.storyboard */; };
		F4147764209FEC3700D599BA /* XYXFreeFilterMenu.swift in Sources */ = {isa = PBXBuildFile; fileRef = F4147763209FEC3700D599BA /* XYXFreeFilterMenu.swift */; };
		F4147767209FECFD00D599BA /* XYXFreeFilterView.swift in Sources */ = {isa = PBXBuildFile; fileRef = F4147766209FECFD00D599BA /* XYXFreeFilterView.swift */; };
		F4147769209FED4200D599BA /* XYXFreeFilterMenuProtocol.swift in Sources */ = {isa = PBXBuildFile; fileRef = F4147768209FED4200D599BA /* XYXFreeFilterMenuProtocol.swift */; };
		F414776B209FED5300D599BA /* XYXFreeFilterMenuConstant.swift in Sources */ = {isa = PBXBuildFile; fileRef = F414776A209FED5300D599BA /* XYXFreeFilterMenuConstant.swift */; };
		F414776D20A0315D00D599BA /* XYXFreeFilterMenuStyle.swift in Sources */ = {isa = PBXBuildFile; fileRef = F414776C20A0315D00D599BA /* XYXFreeFilterMenuStyle.swift */; };
		F46C59F520A96F9C004AEF71 /* RevealServer.framework in Frameworks */ = {isa = PBXBuildFile; fileRef = F46C59F420A96F9C004AEF71 /* RevealServer.framework */; };
		F46C59FD20A99317004AEF71 /* TableViewStyleC.swift in Sources */ = {isa = PBXBuildFile; fileRef = F46C59FC20A99317004AEF71 /* TableViewStyleC.swift */; };
		F46C5A2320AA7E09004AEF71 /* DemoCollectionViewCell.swift in Sources */ = {isa = PBXBuildFile; fileRef = F46C5A2120AA7E09004AEF71 /* DemoCollectionViewCell.swift */; };
		F46C5A2420AA7E09004AEF71 /* DemoCollectionViewController.swift in Sources */ = {isa = PBXBuildFile; fileRef = F46C5A2220AA7E09004AEF71 /* DemoCollectionViewController.swift */; };
		F46C5A2620AA7EBB004AEF71 /* DemoCollectionViewController.xib in Resources */ = {isa = PBXBuildFile; fileRef = F46C5A2520AA7EBB004AEF71 /* DemoCollectionViewController.xib */; };
		F46C5A2820AA8043004AEF71 /* DemoCollectionHeaderFooterView.swift in Sources */ = {isa = PBXBuildFile; fileRef = F46C5A2720AA8043004AEF71 /* DemoCollectionHeaderFooterView.swift */; };
		F46C5A2E20AA87A3004AEF71 /* TableViewStyleA.swift in Sources */ = {isa = PBXBuildFile; fileRef = F46C5A2C20AA87A3004AEF71 /* TableViewStyleA.swift */; };
		F46C5A2F20AA87A3004AEF71 /* TableViewStyleA.xib in Resources */ = {isa = PBXBuildFile; fileRef = F46C5A2D20AA87A3004AEF71 /* TableViewStyleA.xib */; };
		F46C5A3120AA885E004AEF71 /* TableViewTailImageCell.swift in Sources */ = {isa = PBXBuildFile; fileRef = F46C5A3020AA885E004AEF71 /* TableViewTailImageCell.swift */; };
		F46C5A3320AA8ACD004AEF71 /* TableViewTailImageCell.xib in Resources */ = {isa = PBXBuildFile; fileRef = F46C5A3220AA8ACD004AEF71 /* TableViewTailImageCell.xib */; };
		F46C5A3720AABD1B004AEF71 /* TableViewStyleB.swift in Sources */ = {isa = PBXBuildFile; fileRef = F46C5A3520AABD1B004AEF71 /* TableViewStyleB.swift */; };
		F46C5A3820AABD1B004AEF71 /* TableViewStyleB.xib in Resources */ = {isa = PBXBuildFile; fileRef = F46C5A3620AABD1B004AEF71 /* TableViewStyleB.xib */; };
		F46C5A3A20AAC083004AEF71 /* TableViewStyleBCell.swift in Sources */ = {isa = PBXBuildFile; fileRef = F46C5A3920AAC083004AEF71 /* TableViewStyleBCell.swift */; };
		F46C5A3C20AADCCB004AEF71 /* TableViewArrowCell.swift in Sources */ = {isa = PBXBuildFile; fileRef = F46C5A3B20AADCCB004AEF71 /* TableViewArrowCell.swift */; };
		F46C5A3E20AAE014004AEF71 /* TableViewArrowCell.xib in Resources */ = {isa = PBXBuildFile; fileRef = F46C5A3D20AAE014004AEF71 /* TableViewArrowCell.xib */; };
		F47717B920A2CC8E003BB1C2 /* XYXFilterViewCell.swift in Sources */ = {isa = PBXBuildFile; fileRef = F47717B820A2CC8E003BB1C2 /* XYXFilterViewCell.swift */; };
/* End PBXBuildFile section */

/* Begin PBXFileReference section */
		F414774E209FEBEB00D599BA /* XYXFilterMenuDemo.app */ = {isa = PBXFileReference; explicitFileType = wrapper.application; includeInIndex = 0; path = XYXFilterMenuDemo.app; sourceTree = BUILT_PRODUCTS_DIR; };
		F4147751209FEBEB00D599BA /* AppDelegate.swift */ = {isa = PBXFileReference; lastKnownFileType = sourcecode.swift; path = AppDelegate.swift; sourceTree = "<group>"; };
		F4147753209FEBEB00D599BA /* ViewController.swift */ = {isa = PBXFileReference; lastKnownFileType = sourcecode.swift; path = ViewController.swift; sourceTree = "<group>"; };
		F4147756209FEBEB00D599BA /* Base */ = {isa = PBXFileReference; lastKnownFileType = file.storyboard; name = Base; path = Base.lproj/Main.storyboard; sourceTree = "<group>"; };
		F4147758209FEBED00D599BA /* Assets.xcassets */ = {isa = PBXFileReference; lastKnownFileType = folder.assetcatalog; path = Assets.xcassets; sourceTree = "<group>"; };
		F414775B209FEBED00D599BA /* Base */ = {isa = PBXFileReference; lastKnownFileType = file.storyboard; name = Base; path = Base.lproj/LaunchScreen.storyboard; sourceTree = "<group>"; };
		F414775D209FEBED00D599BA /* Info.plist */ = {isa = PBXFileReference; lastKnownFileType = text.plist.xml; path = Info.plist; sourceTree = "<group>"; };
		F4147763209FEC3700D599BA /* XYXFreeFilterMenu.swift */ = {isa = PBXFileReference; lastKnownFileType = sourcecode.swift; path = XYXFreeFilterMenu.swift; sourceTree = "<group>"; };
		F4147766209FECFD00D599BA /* XYXFreeFilterView.swift */ = {isa = PBXFileReference; lastKnownFileType = sourcecode.swift; path = XYXFreeFilterView.swift; sourceTree = "<group>"; };
		F4147768209FED4200D599BA /* XYXFreeFilterMenuProtocol.swift */ = {isa = PBXFileReference; lastKnownFileType = sourcecode.swift; path = XYXFreeFilterMenuProtocol.swift; sourceTree = "<group>"; };
		F414776A209FED5300D599BA /* XYXFreeFilterMenuConstant.swift */ = {isa = PBXFileReference; lastKnownFileType = sourcecode.swift; path = XYXFreeFilterMenuConstant.swift; sourceTree = "<group>"; };
		F414776C20A0315D00D599BA /* XYXFreeFilterMenuStyle.swift */ = {isa = PBXFileReference; lastKnownFileType = sourcecode.swift; path = XYXFreeFilterMenuStyle.swift; sourceTree = "<group>"; };
		F46C59F420A96F9C004AEF71 /* RevealServer.framework */ = {isa = PBXFileReference; lastKnownFileType = wrapper.framework; path = RevealServer.framework; sourceTree = "<group>"; };
		F46C59FC20A99317004AEF71 /* TableViewStyleC.swift */ = {isa = PBXFileReference; lastKnownFileType = sourcecode.swift; path = TableViewStyleC.swift; sourceTree = "<group>"; };
		F46C5A2120AA7E09004AEF71 /* DemoCollectionViewCell.swift */ = {isa = PBXFileReference; fileEncoding = 4; lastKnownFileType = sourcecode.swift; name = DemoCollectionViewCell.swift; path = CollectionView/DemoCollectionViewCell.swift; sourceTree = "<group>"; };
		F46C5A2220AA7E09004AEF71 /* DemoCollectionViewController.swift */ = {isa = PBXFileReference; fileEncoding = 4; lastKnownFileType = sourcecode.swift; name = DemoCollectionViewController.swift; path = CollectionView/DemoCollectionViewController.swift; sourceTree = "<group>"; };
		F46C5A2520AA7EBB004AEF71 /* DemoCollectionViewController.xib */ = {isa = PBXFileReference; fileEncoding = 4; lastKnownFileType = file.xib; name = DemoCollectionViewController.xib; path = CollectionView/DemoCollectionViewController.xib; sourceTree = "<group>"; };
		F46C5A2720AA8043004AEF71 /* DemoCollectionHeaderFooterView.swift */ = {isa = PBXFileReference; lastKnownFileType = sourcecode.swift; name = DemoCollectionHeaderFooterView.swift; path = CollectionView/DemoCollectionHeaderFooterView.swift; sourceTree = "<group>"; };
		F46C5A2C20AA87A3004AEF71 /* TableViewStyleA.swift */ = {isa = PBXFileReference; lastKnownFileType = sourcecode.swift; path = TableViewStyleA.swift; sourceTree = "<group>"; };
		F46C5A2D20AA87A3004AEF71 /* TableViewStyleA.xib */ = {isa = PBXFileReference; lastKnownFileType = file.xib; path = TableViewStyleA.xib; sourceTree = "<group>"; };
		F46C5A3020AA885E004AEF71 /* TableViewTailImageCell.swift */ = {isa = PBXFileReference; lastKnownFileType = sourcecode.swift; path = TableViewTailImageCell.swift; sourceTree = "<group>"; };
		F46C5A3220AA8ACD004AEF71 /* TableViewTailImageCell.xib */ = {isa = PBXFileReference; lastKnownFileType = file.xib; path = TableViewTailImageCell.xib; sourceTree = "<group>"; };
		F46C5A3520AABD1B004AEF71 /* TableViewStyleB.swift */ = {isa = PBXFileReference; lastKnownFileType = sourcecode.swift; path = TableViewStyleB.swift; sourceTree = "<group>"; };
		F46C5A3620AABD1B004AEF71 /* TableViewStyleB.xib */ = {isa = PBXFileReference; lastKnownFileType = file.xib; path = TableViewStyleB.xib; sourceTree = "<group>"; };
		F46C5A3920AAC083004AEF71 /* TableViewStyleBCell.swift */ = {isa = PBXFileReference; lastKnownFileType = sourcecode.swift; path = TableViewStyleBCell.swift; sourceTree = "<group>"; };
		F46C5A3B20AADCCB004AEF71 /* TableViewArrowCell.swift */ = {isa = PBXFileReference; lastKnownFileType = sourcecode.swift; path = TableViewArrowCell.swift; sourceTree = "<group>"; };
		F46C5A3D20AAE014004AEF71 /* TableViewArrowCell.xib */ = {isa = PBXFileReference; lastKnownFileType = file.xib; path = TableViewArrowCell.xib; sourceTree = "<group>"; };
		F47717B820A2CC8E003BB1C2 /* XYXFilterViewCell.swift */ = {isa = PBXFileReference; fileEncoding = 4; lastKnownFileType = sourcecode.swift; path = XYXFilterViewCell.swift; sourceTree = "<group>"; };
/* End PBXFileReference section */

/* Begin PBXFrameworksBuildPhase section */
		F414774B209FEBEB00D599BA /* Frameworks */ = {
			isa = PBXFrameworksBuildPhase;
			buildActionMask = 2147483647;
			files = (
				F46C59F520A96F9C004AEF71 /* RevealServer.framework in Frameworks */,
			);
			runOnlyForDeploymentPostprocessing = 0;
		};
/* End PBXFrameworksBuildPhase section */

/* Begin PBXGroup section */
		F4147745209FEBEB00D599BA = {
			isa = PBXGroup;
			children = (
				F46C59F420A96F9C004AEF71 /* RevealServer.framework */,
				F4147750209FEBEB00D599BA /* XYXFilterMenuDemo */,
				F414774F209FEBEB00D599BA /* Products */,
			);
			sourceTree = "<group>";
		};
		F414774F209FEBEB00D599BA /* Products */ = {
			isa = PBXGroup;
			children = (
				F414774E209FEBEB00D599BA /* XYXFilterMenuDemo.app */,
			);
			name = Products;
			sourceTree = "<group>";
		};
		F4147750209FEBEB00D599BA /* XYXFilterMenuDemo */ = {
			isa = PBXGroup;
			children = (
				F4147751209FEBEB00D599BA /* AppDelegate.swift */,
				F4147753209FEBEB00D599BA /* ViewController.swift */,
				F414778420A19FE400D599BA /* views */,
				F4147765209FEC3C00D599BA /* XYXFreeFilterMenu */,
				F4147755209FEBEB00D599BA /* Main.storyboard */,
				F4147758209FEBED00D599BA /* Assets.xcassets */,
				F414775A209FEBED00D599BA /* LaunchScreen.storyboard */,
				F414775D209FEBED00D599BA /* Info.plist */,
			);
			path = XYXFilterMenuDemo;
			sourceTree = "<group>";
		};
		F4147765209FEC3C00D599BA /* XYXFreeFilterMenu */ = {
			isa = PBXGroup;
			children = (
				F4147763209FEC3700D599BA /* XYXFreeFilterMenu.swift */,
				F4147766209FECFD00D599BA /* XYXFreeFilterView.swift */,
				F4147768209FED4200D599BA /* XYXFreeFilterMenuProtocol.swift */,
				F414776A209FED5300D599BA /* XYXFreeFilterMenuConstant.swift */,
				F414776C20A0315D00D599BA /* XYXFreeFilterMenuStyle.swift */,
			);
			path = XYXFreeFilterMenu;
			sourceTree = "<group>";
		};
		F414778420A19FE400D599BA /* views */ = {
			isa = PBXGroup;
			children = (
				F46C5A3F20AAE165004AEF71 /* TableViewCell */,
				F47717B820A2CC8E003BB1C2 /* XYXFilterViewCell.swift */,
				F46C5A2920AA876E004AEF71 /* TableViewStyleA */,
				F46C5A3420AABCF7004AEF71 /* TableViewStyleB */,
				F46C59FE20A9946E004AEF71 /* TableViewStyleC */,
				F46C5A1D20AA74E9004AEF71 /* CollectionView */,
			);
			path = views;
			sourceTree = "<group>";
		};
		F46C59FE20A9946E004AEF71 /* TableViewStyleC */ = {
			isa = PBXGroup;
			children = (
				F46C59FC20A99317004AEF71 /* TableViewStyleC.swift */,
			);
			path = TableViewStyleC;
			sourceTree = "<group>";
		};
		F46C5A1D20AA74E9004AEF71 /* CollectionView */ = {
			isa = PBXGroup;
			children = (
				F46C5A2220AA7E09004AEF71 /* DemoCollectionViewController.swift */,
				F46C5A2520AA7EBB004AEF71 /* DemoCollectionViewController.xib */,
				F46C5A2720AA8043004AEF71 /* DemoCollectionHeaderFooterView.swift */,
				F46C5A2120AA7E09004AEF71 /* DemoCollectionViewCell.swift */,
			);
			name = CollectionView;
			sourceTree = "<group>";
		};
		F46C5A2920AA876E004AEF71 /* TableViewStyleA */ = {
			isa = PBXGroup;
			children = (
				F46C5A2C20AA87A3004AEF71 /* TableViewStyleA.swift */,
				F46C5A2D20AA87A3004AEF71 /* TableViewStyleA.xib */,
			);
			path = TableViewStyleA;
			sourceTree = "<group>";
		};
		F46C5A3420AABCF7004AEF71 /* TableViewStyleB */ = {
			isa = PBXGroup;
			children = (
				F46C5A3520AABD1B004AEF71 /* TableViewStyleB.swift */,
				F46C5A3620AABD1B004AEF71 /* TableViewStyleB.xib */,
			);
			path = TableViewStyleB;
			sourceTree = "<group>";
		};
		F46C5A3F20AAE165004AEF71 /* TableViewCell */ = {
			isa = PBXGroup;
			children = (
				F46C5A3B20AADCCB004AEF71 /* TableViewArrowCell.swift */,
				F46C5A3D20AAE014004AEF71 /* TableViewArrowCell.xib */,
				F46C5A3020AA885E004AEF71 /* TableViewTailImageCell.swift */,
				F46C5A3220AA8ACD004AEF71 /* TableViewTailImageCell.xib */,
				F46C5A3920AAC083004AEF71 /* TableViewStyleBCell.swift */,
			);
			path = TableViewCell;
			sourceTree = "<group>";
		};
/* End PBXGroup section */

/* Begin PBXNativeTarget section */
		F414774D209FEBEB00D599BA /* XYXFilterMenuDemo */ = {
			isa = PBXNativeTarget;
			buildConfigurationList = F4147760209FEBED00D599BA /* Build configuration list for PBXNativeTarget "XYXFilterMenuDemo" */;
			buildPhases = (
				F414774A209FEBEB00D599BA /* Sources */,
				F414774B209FEBEB00D599BA /* Frameworks */,
				F414774C209FEBEB00D599BA /* Resources */,
				F414778320A19CCB00D599BA /* Integrate Reveal Server */,
			);
			buildRules = (
			);
			dependencies = (
			);
			name = XYXFilterMenuDemo;
			productName = XYXFilterMenuDemo;
			productReference = F414774E209FEBEB00D599BA /* XYXFilterMenuDemo.app */;
			productType = "com.apple.product-type.application";
		};
/* End PBXNativeTarget section */

/* Begin PBXProject section */
		F4147746209FEBEB00D599BA /* Project object */ = {
			isa = PBXProject;
			attributes = {
				LastSwiftUpdateCheck = 0930;
				LastUpgradeCheck = 0930;
				ORGANIZATIONNAME = Teresa;
				TargetAttributes = {
					F414774D209FEBEB00D599BA = {
						CreatedOnToolsVersion = 9.3;
					};
				};
			};
			buildConfigurationList = F4147749209FEBEB00D599BA /* Build configuration list for PBXProject "XYXFilterMenuDemo" */;
			compatibilityVersion = "Xcode 9.3";
			developmentRegion = en;
			hasScannedForEncodings = 0;
			knownRegions = (
				en,
				Base,
			);
			mainGroup = F4147745209FEBEB00D599BA;
			productRefGroup = F414774F209FEBEB00D599BA /* Products */;
			projectDirPath = "";
			projectRoot = "";
			targets = (
				F414774D209FEBEB00D599BA /* XYXFilterMenuDemo */,
			);
		};
/* End PBXProject section */

/* Begin PBXResourcesBuildPhase section */
		F414774C209FEBEB00D599BA /* Resources */ = {
			isa = PBXResourcesBuildPhase;
			buildActionMask = 2147483647;
			files = (
				F414775C209FEBED00D599BA /* LaunchScreen.storyboard in Resources */,
				F46C5A3320AA8ACD004AEF71 /* TableViewTailImageCell.xib in Resources */,
				F4147759209FEBED00D599BA /* Assets.xcassets in Resources */,
				F46C5A2620AA7EBB004AEF71 /* DemoCollectionViewController.xib in Resources */,
				F46C5A2F20AA87A3004AEF71 /* TableViewStyleA.xib in Resources */,
				F46C5A3E20AAE014004AEF71 /* TableViewArrowCell.xib in Resources */,
				F46C5A3820AABD1B004AEF71 /* TableViewStyleB.xib in Resources */,
				F4147757209FEBEB00D599BA /* Main.storyboard in Resources */,
			);
			runOnlyForDeploymentPostprocessing = 0;
		};
/* End PBXResourcesBuildPhase section */

/* Begin PBXShellScriptBuildPhase section */
		F414778320A19CCB00D599BA /* Integrate Reveal Server */ = {
			isa = PBXShellScriptBuildPhase;
			buildActionMask = 2147483647;
			files = (
			);
			inputPaths = (
			);
			name = "Integrate Reveal Server";
			outputPaths = (
			);
			runOnlyForDeploymentPostprocessing = 0;
			shellPath = /bin/sh;
			shellScript = "export REVEAL_SERVER_FILENAME=\"RevealServer.framework\"\n\n# Update this path to point to the location of RevealServer.framework in your project.\nexport REVEAL_SERVER_PATH=\"${SRCROOT}/${REVEAL_SERVER_FILENAME}\"\n\n# If configuration is not Debug, skip this script.\n[ \"${CONFIGURATION}\" != \"Debug\" ] && exit 0\n\n# If RevealServer.framework exists at the specified path, run code signing script.\nif [ -d \"${REVEAL_SERVER_PATH}\" ]; then\n\"${REVEAL_SERVER_PATH}/Scripts/copy_and_codesign_revealserver.sh\"\nelse\necho \"Cannot find RevealServer.framework, so Reveal Server will not be started for your app.\"\nfi";
		};
/* End PBXShellScriptBuildPhase section */

/* Begin PBXSourcesBuildPhase section */
		F414774A209FEBEB00D599BA /* Sources */ = {
			isa = PBXSourcesBuildPhase;
			buildActionMask = 2147483647;
			files = (
				F414776B209FED5300D599BA /* XYXFreeFilterMenuConstant.swift in Sources */,
				F4147754209FEBEB00D599BA /* ViewController.swift in Sources */,
				F47717B920A2CC8E003BB1C2 /* XYXFilterViewCell.swift in Sources */,
				F46C5A3C20AADCCB004AEF71 /* TableViewArrowCell.swift in Sources */,
				F46C5A3120AA885E004AEF71 /* TableViewTailImageCell.swift in Sources */,
				F46C5A2820AA8043004AEF71 /* DemoCollectionHeaderFooterView.swift in Sources */,
				F46C5A3720AABD1B004AEF71 /* TableViewStyleB.swift in Sources */,
				F46C5A2E20AA87A3004AEF71 /* TableViewStyleA.swift in Sources */,
				F46C5A2420AA7E09004AEF71 /* DemoCollectionViewController.swift in Sources */,
				F46C59FD20A99317004AEF71 /* TableViewStyleC.swift in Sources */,
				F4147767209FECFD00D599BA /* XYXFreeFilterView.swift in Sources */,
				F4147764209FEC3700D599BA /* XYXFreeFilterMenu.swift in Sources */,
				F46C5A2320AA7E09004AEF71 /* DemoCollectionViewCell.swift in Sources */,
				F4147752209FEBEB00D599BA /* AppDelegate.swift in Sources */,
				F46C5A3A20AAC083004AEF71 /* TableViewStyleBCell.swift in Sources */,
				F4147769209FED4200D599BA /* XYXFreeFilterMenuProtocol.swift in Sources */,
				F414776D20A0315D00D599BA /* XYXFreeFilterMenuStyle.swift in Sources */,
			);
			runOnlyForDeploymentPostprocessing = 0;
		};
/* End PBXSourcesBuildPhase section */

/* Begin PBXVariantGroup section */
		F4147755209FEBEB00D599BA /* Main.storyboard */ = {
			isa = PBXVariantGroup;
			children = (
				F4147756209FEBEB00D599BA /* Base */,
			);
			name = Main.storyboard;
			sourceTree = "<group>";
		};
		F414775A209FEBED00D599BA /* LaunchScreen.storyboard */ = {
			isa = PBXVariantGroup;
			children = (
				F414775B209FEBED00D599BA /* Base */,
			);
			name = LaunchScreen.storyboard;
			sourceTree = "<group>";
		};
/* End PBXVariantGroup section */

/* Begin XCBuildConfiguration section */
		F414775E209FEBED00D599BA /* Debug */ = {
			isa = XCBuildConfiguration;
			buildSettings = {
				ALWAYS_SEARCH_USER_PATHS = NO;
				CLANG_ANALYZER_NONNULL = YES;
				CLANG_ANALYZER_NUMBER_OBJECT_CONVERSION = YES_AGGRESSIVE;
				CLANG_CXX_LANGUAGE_STANDARD = "gnu++14";
				CLANG_CXX_LIBRARY = "libc++";
				CLANG_ENABLE_MODULES = YES;
				CLANG_ENABLE_OBJC_ARC = YES;
				CLANG_ENABLE_OBJC_WEAK = YES;
				CLANG_WARN_BLOCK_CAPTURE_AUTORELEASING = YES;
				CLANG_WARN_BOOL_CONVERSION = YES;
				CLANG_WARN_COMMA = YES;
				CLANG_WARN_CONSTANT_CONVERSION = YES;
				CLANG_WARN_DEPRECATED_OBJC_IMPLEMENTATIONS = YES;
				CLANG_WARN_DIRECT_OBJC_ISA_USAGE = YES_ERROR;
				CLANG_WARN_DOCUMENTATION_COMMENTS = YES;
				CLANG_WARN_EMPTY_BODY = YES;
				CLANG_WARN_ENUM_CONVERSION = YES;
				CLANG_WARN_INFINITE_RECURSION = YES;
				CLANG_WARN_INT_CONVERSION = YES;
				CLANG_WARN_NON_LITERAL_NULL_CONVERSION = YES;
				CLANG_WARN_OBJC_IMPLICIT_RETAIN_SELF = YES;
				CLANG_WARN_OBJC_LITERAL_CONVERSION = YES;
				CLANG_WARN_OBJC_ROOT_CLASS = YES_ERROR;
				CLANG_WARN_RANGE_LOOP_ANALYSIS = YES;
				CLANG_WARN_STRICT_PROTOTYPES = YES;
				CLANG_WARN_SUSPICIOUS_MOVE = YES;
				CLANG_WARN_UNGUARDED_AVAILABILITY = YES_AGGRESSIVE;
				CLANG_WARN_UNREACHABLE_CODE = YES;
				CLANG_WARN__DUPLICATE_METHOD_MATCH = YES;
				CODE_SIGN_IDENTITY = "iPhone Developer";
				COPY_PHASE_STRIP = NO;
				DEBUG_INFORMATION_FORMAT = dwarf;
				ENABLE_STRICT_OBJC_MSGSEND = YES;
				ENABLE_TESTABILITY = YES;
				GCC_C_LANGUAGE_STANDARD = gnu11;
				GCC_DYNAMIC_NO_PIC = NO;
				GCC_NO_COMMON_BLOCKS = YES;
				GCC_OPTIMIZATION_LEVEL = 0;
				GCC_PREPROCESSOR_DEFINITIONS = (
					"DEBUG=1",
					"$(inherited)",
				);
				GCC_WARN_64_TO_32_BIT_CONVERSION = YES;
				GCC_WARN_ABOUT_RETURN_TYPE = YES_ERROR;
				GCC_WARN_UNDECLARED_SELECTOR = YES;
				GCC_WARN_UNINITIALIZED_AUTOS = YES_AGGRESSIVE;
				GCC_WARN_UNUSED_FUNCTION = YES;
				GCC_WARN_UNUSED_VARIABLE = YES;
				IPHONEOS_DEPLOYMENT_TARGET = 11.3;
				MTL_ENABLE_DEBUG_INFO = YES;
				ONLY_ACTIVE_ARCH = YES;
				SDKROOT = iphoneos;
				SWIFT_ACTIVE_COMPILATION_CONDITIONS = DEBUG;
				SWIFT_OPTIMIZATION_LEVEL = "-Onone";
			};
			name = Debug;
		};
		F414775F209FEBED00D599BA /* Release */ = {
			isa = XCBuildConfiguration;
			buildSettings = {
				ALWAYS_SEARCH_USER_PATHS = NO;
				CLANG_ANALYZER_NONNULL = YES;
				CLANG_ANALYZER_NUMBER_OBJECT_CONVERSION = YES_AGGRESSIVE;
				CLANG_CXX_LANGUAGE_STANDARD = "gnu++14";
				CLANG_CXX_LIBRARY = "libc++";
				CLANG_ENABLE_MODULES = YES;
				CLANG_ENABLE_OBJC_ARC = YES;
				CLANG_ENABLE_OBJC_WEAK = YES;
				CLANG_WARN_BLOCK_CAPTURE_AUTORELEASING = YES;
				CLANG_WARN_BOOL_CONVERSION = YES;
				CLANG_WARN_COMMA = YES;
				CLANG_WARN_CONSTANT_CONVERSION = YES;
				CLANG_WARN_DEPRECATED_OBJC_IMPLEMENTATIONS = YES;
				CLANG_WARN_DIRECT_OBJC_ISA_USAGE = YES_ERROR;
				CLANG_WARN_DOCUMENTATION_COMMENTS = YES;
				CLANG_WARN_EMPTY_BODY = YES;
				CLANG_WARN_ENUM_CONVERSION = YES;
				CLANG_WARN_INFINITE_RECURSION = YES;
				CLANG_WARN_INT_CONVERSION = YES;
				CLANG_WARN_NON_LITERAL_NULL_CONVERSION = YES;
				CLANG_WARN_OBJC_IMPLICIT_RETAIN_SELF = YES;
				CLANG_WARN_OBJC_LITERAL_CONVERSION = YES;
				CLANG_WARN_OBJC_ROOT_CLASS = YES_ERROR;
				CLANG_WARN_RANGE_LOOP_ANALYSIS = YES;
				CLANG_WARN_STRICT_PROTOTYPES = YES;
				CLANG_WARN_SUSPICIOUS_MOVE = YES;
				CLANG_WARN_UNGUARDED_AVAILABILITY = YES_AGGRESSIVE;
				CLANG_WARN_UNREACHABLE_CODE = YES;
				CLANG_WARN__DUPLICATE_METHOD_MATCH = YES;
				CODE_SIGN_IDENTITY = "iPhone Developer";
				COPY_PHASE_STRIP = NO;
				DEBUG_INFORMATION_FORMAT = "dwarf-with-dsym";
				ENABLE_NS_ASSERTIONS = NO;
				ENABLE_STRICT_OBJC_MSGSEND = YES;
				GCC_C_LANGUAGE_STANDARD = gnu11;
				GCC_NO_COMMON_BLOCKS = YES;
				GCC_WARN_64_TO_32_BIT_CONVERSION = YES;
				GCC_WARN_ABOUT_RETURN_TYPE = YES_ERROR;
				GCC_WARN_UNDECLARED_SELECTOR = YES;
				GCC_WARN_UNINITIALIZED_AUTOS = YES_AGGRESSIVE;
				GCC_WARN_UNUSED_FUNCTION = YES;
				GCC_WARN_UNUSED_VARIABLE = YES;
				IPHONEOS_DEPLOYMENT_TARGET = 11.3;
				MTL_ENABLE_DEBUG_INFO = NO;
				SDKROOT = iphoneos;
				SWIFT_COMPILATION_MODE = wholemodule;
				SWIFT_OPTIMIZATION_LEVEL = "-O";
				VALIDATE_PRODUCT = YES;
			};
			name = Release;
		};
		F4147761209FEBED00D599BA /* Debug */ = {
			isa = XCBuildConfiguration;
			buildSettings = {
				ASSETCATALOG_COMPILER_APPICON_NAME = AppIcon;
				CODE_SIGN_STYLE = Automatic;
				FRAMEWORK_SEARCH_PATHS = (
					"$(inherited)",
					"$(PROJECT_DIR)",
					"$(PROJECT_DIR)/XYXFilterMenuDemo",
					"$(SRCROOT)",
				);
				INFOPLIST_FILE = XYXFilterMenuDemo/Info.plist;
				LD_RUNPATH_SEARCH_PATHS = (
					"$(inherited)",
					"@executable_path/Frameworks",
				);
				OTHER_LDFLAGS = (
					"-ObjC",
					"-weak_framework",
					RevealServer,
				);
				PRODUCT_BUNDLE_IDENTIFIER = Teresa.XYXFilterMenuDemo;
				PRODUCT_NAME = "$(TARGET_NAME)";
				SWIFT_VERSION = 4.0;
				SYSTEM_FRAMEWORK_SEARCH_PATHS = (
					"$(inherited)",
					"$(SRCROOT)",
				);
				TARGETED_DEVICE_FAMILY = "1,2";
			};
			name = Debug;
		};
		F4147762209FEBED00D599BA /* Release */ = {
			isa = XCBuildConfiguration;
			buildSettings = {
				ASSETCATALOG_COMPILER_APPICON_NAME = AppIcon;
				CODE_SIGN_STYLE = Automatic;
				FRAMEWORK_SEARCH_PATHS = (
					"$(inherited)",
					"$(PROJECT_DIR)",
					"$(PROJECT_DIR)/XYXFilterMenuDemo",
					"$(SRCROOT)",
				);
				INFOPLIST_FILE = XYXFilterMenuDemo/Info.plist;
				LD_RUNPATH_SEARCH_PATHS = (
					"$(inherited)",
					"@executable_path/Frameworks",
				);
				OTHER_LDFLAGS = (
					"-ObjC",
					"-weak_framework",
					RevealServer,
				);
				PRODUCT_BUNDLE_IDENTIFIER = Teresa.XYXFilterMenuDemo;
				PRODUCT_NAME = "$(TARGET_NAME)";
				SWIFT_VERSION = 4.0;
				SYSTEM_FRAMEWORK_SEARCH_PATHS = (
					"$(inherited)",
					"$(SRCROOT)",
				);
				TARGETED_DEVICE_FAMILY = "1,2";
			};
			name = Release;
		};
/* End XCBuildConfiguration section */

/* Begin XCConfigurationList section */
		F4147749209FEBEB00D599BA /* Build configuration list for PBXProject "XYXFilterMenuDemo" */ = {
			isa = XCConfigurationList;
			buildConfigurations = (
				F414775E209FEBED00D599BA /* Debug */,
				F414775F209FEBED00D599BA /* Release */,
			);
			defaultConfigurationIsVisible = 0;
			defaultConfigurationName = Release;
		};
		F4147760209FEBED00D599BA /* Build configuration list for PBXNativeTarget "XYXFilterMenuDemo" */ = {
			isa = XCConfigurationList;
			buildConfigurations = (
				F4147761209FEBED00D599BA /* Debug */,
				F4147762209FEBED00D599BA /* Release */,
			);
			defaultConfigurationIsVisible = 0;
			defaultConfigurationName = Release;
		};
/* End XCConfigurationList section */
	};
	rootObject = F4147746209FEBEB00D599BA /* Project object */;
}
